lockfile_version: '2'
apm_version: 0.29.1
dependencies:
- repo_url: yoshintame/lasthaze-edge
  name: lasthaze-edge-skills
  host: github.com
  resolved_commit: ae149424f3828c5cdee63b38c9fb2c2eee0df925
  resolved_ref: v1.0.0
  version: 1.0.0
  package_type: apm_package
  deployed_files:
  - .agents/skills/lasthaze-edge-decoy-site
  - .agents/skills/lasthaze-edge-decoy-site/SKILL.md
  - .agents/skills/lasthaze-edge-ops
  - .agents/skills/lasthaze-edge-ops/SKILL.md
  - .claude/skills/lasthaze-edge-decoy-site
  - .claude/skills/lasthaze-edge-decoy-site/SKILL.md
  - .claude/skills/lasthaze-edge-ops
  - .claude/skills/lasthaze-edge-ops/SKILL.md
  deployed_file_hashes:
    .agents/skills/lasthaze-edge-decoy-site/SKILL.md: sha256:18f567e0f8136877ddc944aa5528aeeb0e97a75f1fec1da3a9bbfb54d59c6b28
    .agents/skills/lasthaze-edge-ops/SKILL.md: sha256:5ee9d9fdf29386210581dd0df34a4bc138a01da9dc2bfc6d751d06ae7b736d58
    .claude/skills/lasthaze-edge-decoy-site/SKILL.md: sha256:18f567e0f8136877ddc944aa5528aeeb0e97a75f1fec1da3a9bbfb54d59c6b28
    .claude/skills/lasthaze-edge-ops/SKILL.md: sha256:5ee9d9fdf29386210581dd0df34a4bc138a01da9dc2bfc6d751d06ae7b736d58
  content_hash: sha256:5c9ec8c281930f8c925653fd68697f18f801e1b83fb5cdf685ce5606cd4b083f
  skill_subset:
  - lasthaze-edge-decoy-site
  - lasthaze-edge-ops
  constraint: ^1.0.0
  resolved_tag: v1.0.0
  resolved_at: '2026-09-06T13:20:28+00:00'
  declared_license: UNLICENSED
deployments:
- kind: project-relative
  target: claude
  value: .claude/skills/lasthaze-edge-decoy-site
  runtime: null
  scope: project
  owners:
  - yoshintame/lasthaze-edge
  active_owner: yoshintame/lasthaze-edge
  content_hash: null
- kind: project-relative
  target: claude
  value: .claude/skills/lasthaze-edge-decoy-site/SKILL.md
  runtime: null
  scope: project
  owners:
  - yoshintame/lasthaze-edge
  active_owner: yoshintame/lasthaze-edge
  content_hash: sha256:18f567e0f8136877ddc944aa5528aeeb0e97a75f1fec1da3a9bbfb54d59c6b28
- kind: project-relative
  target: claude
  value: .claude/skills/lasthaze-edge-ops
  runtime: null
  scope: project
  owners:
  - yoshintame/lasthaze-edge
  active_owner: yoshintame/lasthaze-edge
  content_hash: null
- kind: project-relative
  target: claude
  value: .claude/skills/lasthaze-edge-ops/SKILL.md
  runtime: null
  scope: project
  owners:
  - yoshintame/lasthaze-edge
  active_owner: yoshintame/lasthaze-edge
  content_hash: sha256:5ee9d9fdf29386210581dd0df34a4bc138a01da9dc2bfc6d751d06ae7b736d58
- kind: project-relative
  target: codex
  value: .agents/skills/lasthaze-edge-decoy-site
  runtime: null
  scope: project
  owners:
  - yoshintame/lasthaze-edge
  active_owner: yoshintame/lasthaze-edge
  content_hash: null
- kind: project-relative
  target: codex
  value: .agents/skills/lasthaze-edge-decoy-site/SKILL.md
  runtime: null
  scope: project
  owners:
  - yoshintame/lasthaze-edge
  active_owner: yoshintame/lasthaze-edge
  content_hash: sha256:18f567e0f8136877ddc944aa5528aeeb0e97a75f1fec1da3a9bbfb54d59c6b28
- kind: project-relative
  target: codex
  value: .agents/skills/lasthaze-edge-ops
  runtime: null
  scope: project
  owners:
  - yoshintame/lasthaze-edge
  active_owner: yoshintame/lasthaze-edge
  content_hash: null
- kind: project-relative
  target: codex
  value: .agents/skills/lasthaze-edge-ops/SKILL.md
  runtime: null
  scope: project
  owners:
  - yoshintame/lasthaze-edge
  active_owner: yoshintame/lasthaze-edge
  content_hash: sha256:5ee9d9fdf29386210581dd0df34a4bc138a01da9dc2bfc6d751d06ae7b736d58
